// !$*UTF8*$!
{
	archiveVersion = 1;
	classes = {
	};
	objectVersion = 56;
	objects = {

/* Begin PBXBuildFile section */
		DC44CE742C87B08800679221 /* GFTitleLabel.swift in Sources */ = {isa = PBXBuildFile; fileRef = DC44CE732C87B08800679221 /* GFTitleLabel.swift */; };
		DC7F90942C8632A60083D391 /* AppDelegate.swift in Sources */ = {isa = PBXBuildFile; fileRef = DC7F90932C8632A60083D391 /* AppDelegate.swift */; };
		DC7F90962C8632A60083D391 /* SceneDelegate.swift in Sources */ = {isa = PBXBuildFile; fileRef = DC7F90952C8632A60083D391 /* SceneDelegate.swift */; };
		DC7F909D2C8632A70083D391 /* Assets.xcassets in Resources */ = {isa = PBXBuildFile; fileRef = DC7F909C2C8632A70083D391 /* Assets.xcassets */; };
		DC7F90A02C8632A70083D391 /* Base in Resources */ = {isa = PBXBuildFile; fileRef = DC7F909F2C8632A70083D391 /* Base */; };
		DC7F90A82C8658E60083D391 /* SearchVC.swift in Sources */ = {isa = PBXBuildFile; fileRef = DC7F90A72C8658E60083D391 /* SearchVC.swift */; };
		DC7F90AA2C86590E0083D391 /* FavoritesListVC.swift in Sources */ = {isa = PBXBuildFile; fileRef = DC7F90A92C86590E0083D391 /* FavoritesListVC.swift */; };
		DC7F90AC2C8660270083D391 /* GFButton.swift in Sources */ = {isa = PBXBuildFile; fileRef = DC7F90AB2C8660270083D391 /* GFButton.swift */; };
		DC7F90AE2C86639C0083D391 /* GFTextField.swift in Sources */ = {isa = PBXBuildFile; fileRef = DC7F90AD2C86639C0083D391 /* GFTextField.swift */; };
		DC7F90B02C8670210083D391 /* FollowerListVC.swift in Sources */ = {isa = PBXBuildFile; fileRef = DC7F90AF2C8670210083D391 /* FollowerListVC.swift */; };
		DCF741AE2C87B59B00B838C5 /* GFBodyLabel.swift in Sources */ = {isa = PBXBuildFile; fileRef = DCF741AD2C87B59B00B838C5 /* GFBodyLabel.swift */; };
		DCF741B02C87B65000B838C5 /* GFAlertVC.swift in Sources */ = {isa = PBXBuildFile; fileRef = DCF741AF2C87B65000B838C5 /* GFAlertVC.swift */; };
		DCF741B22C87BC5B00B838C5 /* UIViewController+Ext.swift in Sources */ = {isa = PBXBuildFile; fileRef = DCF741B12C87BC5B00B838C5 /* UIViewController+Ext.swift */; };
/* End PBXBuildFile section */

/* Begin PBXFileReference section */
		DC44CE732C87B08800679221 /* GFTitleLabel.swift */ = {isa = PBXFileReference; lastKnownFileType = sourcecode.swift; path = GFTitleLabel.swift; sourceTree = "<group>"; };
		DC7F90902C8632A60083D391 /* GHFollowers.app */ = {isa = PBXFileReference; explicitFileType = wrapper.application; includeInIndex = 0; path = GHFollowers.app; sourceTree = BUILT_PRODUCTS_DIR; };
		DC7F90932C8632A60083D391 /* AppDelegate.swift */ = {isa = PBXFileReference; lastKnownFileType = sourcecode.swift; path = AppDelegate.swift; sourceTree = "<group>"; };
		DC7F90952C8632A60083D391 /* SceneDelegate.swift */ = {isa = PBXFileReference; lastKnownFileType = sourcecode.swift; path = SceneDelegate.swift; sourceTree = "<group>"; };
		DC7F909C2C8632A70083D391 /* Assets.xcassets */ = {isa = PBXFileReference; lastKnownFileType = folder.assetcatalog; path = Assets.xcassets; sourceTree = "<group>"; };
		DC7F909F2C8632A70083D391 /* Base */ = {isa = PBXFileReference; lastKnownFileType = file.storyboard; name = Base; path = Base.lproj/LaunchScreen.storyboard; sourceTree = "<group>"; };
		DC7F90A12C8632A70083D391 /* Info.plist */ = {isa = PBXFileReference; lastKnownFileType = text.plist.xml; path = Info.plist; sourceTree = "<group>"; };
		DC7F90A72C8658E60083D391 /* SearchVC.swift */ = {isa = PBXFileReference; lastKnownFileType = sourcecode.swift; path = SearchVC.swift; sourceTree = "<group>"; };
		DC7F90A92C86590E0083D391 /* FavoritesListVC.swift */ = {isa = PBXFileReference; lastKnownFileType = sourcecode.swift; path = FavoritesListVC.swift; sourceTree = "<group>"; };
		DC7F90AB2C8660270083D391 /* GFButton.swift */ = {isa = PBXFileReference; lastKnownFileType = sourcecode.swift; path = GFButton.swift; sourceTree = "<group>"; };
		DC7F90AD2C86639C0083D391 /* GFTextField.swift */ = {isa = PBXFileReference; lastKnownFileType = sourcecode.swift; path = GFTextField.swift; sourceTree = "<group>"; };
		DC7F90AF2C8670210083D391 /* FollowerListVC.swift */ = {isa = PBXFileReference; lastKnownFileType = sourcecode.swift; path = FollowerListVC.swift; sourceTree = "<group>"; };
		DCF741AD2C87B59B00B838C5 /* GFBodyLabel.swift */ = {isa = PBXFileReference; lastKnownFileType = sourcecode.swift; path = GFBodyLabel.swift; sourceTree = "<group>"; };
		DCF741AF2C87B65000B838C5 /* GFAlertVC.swift */ = {isa = PBXFileReference; lastKnownFileType = sourcecode.swift; path = GFAlertVC.swift; sourceTree = "<group>"; };
		DCF741B12C87BC5B00B838C5 /* UIViewController+Ext.swift */ = {isa = PBXFileReference; lastKnownFileType = sourcecode.swift; path = "UIViewController+Ext.swift"; sourceTree = "<group>"; };
/* End PBXFileReference section */

/* Begin PBXFrameworksBuildPhase section */
		DC7F908D2C8632A60083D391 /* Frameworks */ = {
			isa = PBXFrameworksBuildPhase;
			buildActionMask = 2147483647;
			files = (
			);
			runOnlyForDeploymentPostprocessing = 0;
		};
/* End PBXFrameworksBuildPhase section */

/* Begin PBXGroup section */
		DC7F90872C8632A60083D391 = {
			isa = PBXGroup;
			children = (
				DC7F90922C8632A60083D391 /* GHFollowers */,
				DC7F90912C8632A60083D391 /* Products */,
			);
			sourceTree = "<group>";
		};
		DC7F90912C8632A60083D391 /* Products */ = {
			isa = PBXGroup;
			children = (
				DC7F90902C8632A60083D391 /* GHFollowers.app */,
			);
			name = Products;
			sourceTree = "<group>";
		};
		DC7F90922C8632A60083D391 /* GHFollowers */ = {
			isa = PBXGroup;
			children = (
				DCF741B62C87BFBE00B838C5 /* Support */,
				DCF741B52C87BF6200B838C5 /* Extension */,
				DCF741B42C87BF1F00B838C5 /* Custom views */,
				DCF741B32C87BECD00B838C5 /* Screens */,
				DC7F909C2C8632A70083D391 /* Assets.xcassets */,
				DC7F909E2C8632A70083D391 /* LaunchScreen.storyboard */,
				DC7F90A12C8632A70083D391 /* Info.plist */,
			);
			path = GHFollowers;
			sourceTree = "<group>";
		};
		DCF741B32C87BECD00B838C5 /* Screens */ = {
			isa = PBXGroup;
			children = (
				DC7F90A72C8658E60083D391 /* SearchVC.swift */,
				DC7F90A92C86590E0083D391 /* FavoritesListVC.swift */,
				DC7F90AF2C8670210083D391 /* FollowerListVC.swift */,
			);
			path = Screens;
			sourceTree = "<group>";
		};
		DCF741B42C87BF1F00B838C5 /* Custom views */ = {
			isa = PBXGroup;
			children = (
				DCF741AF2C87B65000B838C5 /* GFAlertVC.swift */,
				DC44CE732C87B08800679221 /* GFTitleLabel.swift */,
				DCF741AD2C87B59B00B838C5 /* GFBodyLabel.swift */,
				DC7F90AB2C8660270083D391 /* GFButton.swift */,
				DC7F90AD2C86639C0083D391 /* GFTextField.swift */,
			);
			path = "Custom views";
			sourceTree = "<group>";
		};
		DCF741B52C87BF6200B838C5 /* Extension */ = {
			isa = PBXGroup;
			children = (
				DCF741B12C87BC5B00B838C5 /* UIViewController+Ext.swift */,
			);
			path = Extension;
			sourceTree = "<group>";
		};
		DCF741B62C87BFBE00B838C5 /* Support */ = {
			isa = PBXGroup;
			children = (
				DC7F90932C8632A60083D391 /* AppDelegate.swift */,
				DC7F90952C8632A60083D391 /* SceneDelegate.swift */,
			);
			path = Support;
			sourceTree = "<group>";
		};
/* End PBXGroup section */

/* Begin PBXNativeTarget section */
		DC7F908F2C8632A60083D391 /* GHFollowers */ = {
			isa = PBXNativeTarget;
			buildConfigurationList = DC7F90A42C8632A70083D391 /* Build configuration list for PBXNativeTarget "GHFollowers" */;
			buildPhases = (
				DC7F908C2C8632A60083D391 /* Sources */,
				DC7F908D2C8632A60083D391 /* Frameworks */,
				DC7F908E2C8632A60083D391 /* Resources */,
			);
			buildRules = (
			);
			dependencies = (
			);
			name = GHFollowers;
			productName = GHFollowers;
			productReference = DC7F90902C8632A60083D391 /* GHFollowers.app */;
			productType = "com.apple.product-type.application";
		};
/* End PBXNativeTarget section */

/* Begin PBXProject section */
		DC7F90882C8632A60083D391 /* Project object */ = {
			isa = PBXProject;
			attributes = {
				BuildIndependentTargetsInParallel = 1;
				LastSwiftUpdateCheck = 1530;
				LastUpgradeCheck = 1530;
				TargetAttributes = {
					DC7F908F2C8632A60083D391 = {
						CreatedOnToolsVersion = 15.3;
					};
				};
			};
			buildConfigurationList = DC7F908B2C8632A60083D391 /* Build configuration list for PBXProject "GHFollowers" */;
			compatibilityVersion = "Xcode 14.0";
			developmentRegion = en;
			hasScannedForEncodings = 0;
			knownRegions = (
				en,
				Base,
			);
			mainGroup = DC7F90872C8632A60083D391;
			productRefGroup = DC7F90912C8632A60083D391 /* Products */;
			projectDirPath = "";
			projectRoot = "";
			targets = (
				DC7F908F2C8632A60083D391 /* GHFollowers */,
			);
		};
/* End PBXProject section */

/* Begin PBXResourcesBuildPhase section */
		DC7F908E2C8632A60083D391 /* Resources */ = {
			isa = PBXResourcesBuildPhase;
			buildActionMask = 2147483647;
			files = (
				DC7F909D2C8632A70083D391 /* Assets.xcassets in Resources */,
				DC7F90A02C8632A70083D391 /* Base in Resources */,
			);
			runOnlyForDeploymentPostprocessing = 0;
		};
/* End PBXResourcesBuildPhase section */

/* Begin PBXSourcesBuildPhase section */
		DC7F908C2C8632A60083D391 /* Sources */ = {
			isa = PBXSourcesBuildPhase;
			buildActionMask = 2147483647;
			files = (
				DC7F90AE2C86639C0083D391 /* GFTextField.swift in Sources */,
				DC7F90AA2C86590E0083D391 /* FavoritesListVC.swift in Sources */,
				DC7F90AC2C8660270083D391 /* GFButton.swift in Sources */,
				DCF741B22C87BC5B00B838C5 /* UIViewController+Ext.swift in Sources */,
				DC7F90A82C8658E60083D391 /* SearchVC.swift in Sources */,
				DCF741B02C87B65000B838C5 /* GFAlertVC.swift in Sources */,
				DCF741AE2C87B59B00B838C5 /* GFBodyLabel.swift in Sources */,
				DC44CE742C87B08800679221 /* GFTitleLabel.swift in Sources */,
				DC7F90B02C8670210083D391 /* FollowerListVC.swift in Sources */,
				DC7F90942C8632A60083D391 /* AppDelegate.swift in Sources */,
				DC7F90962C8632A60083D391 /* SceneDelegate.swift in Sources */,
			);
			runOnlyForDeploymentPostprocessing = 0;
		};
/* End PBXSourcesBuildPhase section */

/* Begin PBXVariantGroup section */
		DC7F909E2C8632A70083D391 /* LaunchScreen.storyboard */ = {
			isa = PBXVariantGroup;
			children = (
				DC7F909F2C8632A70083D391 /* Base */,
			);
			name = LaunchScreen.storyboard;
			sourceTree = "<group>";
		};
/* End PBXVariantGroup section */

/* Begin XCBuildConfiguration section */
		DC7F90A22C8632A70083D391 /* Debug */ = {
			isa = XCBuildConfiguration;
			buildSettings = {
				ALWAYS_SEARCH_USER_PATHS = NO;
				ASSETCATALOG_COMPILER_GENERATE_SWIFT_ASSET_SYMBOL_EXTENSIONS = YES;
				CLANG_ANALYZER_NONNULL = YES;
				CLANG_ANALYZER_NUMBER_OBJECT_CONVERSION = YES_AGGRESSIVE;
				CLANG_CXX_LANGUAGE_STANDARD = "gnu++20";
				CLANG_ENABLE_MODULES = YES;
				CLANG_ENABLE_OBJC_ARC = YES;
				CLANG_ENABLE_OBJC_WEAK = YES;
				CLANG_WARN_BLOCK_CAPTURE_AUTORELEASING = YES;
				CLANG_WARN_BOOL_CONVERSION = YES;
				CLANG_WARN_COMMA = YES;
				CLANG_WARN_CONSTANT_CONVERSION = YES;
				CLANG_WARN_DEPRECATED_OBJC_IMPLEMENTATIONS = YES;
				CLANG_WARN_DIRECT_OBJC_ISA_USAGE = YES_ERROR;
				CLANG_WARN_DOCUMENTATION_COMMENTS = YES;
				CLANG_WARN_EMPTY_BODY = YES;
				CLANG_WARN_ENUM_CONVERSION = YES;
				CLANG_WARN_INFINITE_RECURSION = YES;
				CLANG_WARN_INT_CONVERSION = YES;
				CLANG_WARN_NON_LITERAL_NULL_CONVERSION = YES;
				CLANG_WARN_OBJC_IMPLICIT_RETAIN_SELF = YES;
				CLANG_WARN_OBJC_LITERAL_CONVERSION = YES;
				CLANG_WARN_OBJC_ROOT_CLASS = YES_ERROR;
				CLANG_WARN_QUOTED_INCLUDE_IN_FRAMEWORK_HEADER = YES;
				CLANG_WARN_RANGE_LOOP_ANALYSIS = YES;
				CLANG_WARN_STRICT_PROTOTYPES = YES;
				CLANG_WARN_SUSPICIOUS_MOVE = YES;
				CLANG_WARN_UNGUARDED_AVAILABILITY = YES_AGGRESSIVE;
				CLANG_WARN_UNREACHABLE_CODE = YES;
				CLANG_WARN__DUPLICATE_METHOD_MATCH = YES;
				COPY_PHASE_STRIP = NO;
				DEBUG_INFORMATION_FORMAT = dwarf;
				ENABLE_STRICT_OBJC_MSGSEND = YES;
				ENABLE_TESTABILITY = YES;
				ENABLE_USER_SCRIPT_SANDBOXING = YES;
				GCC_C_LANGUAGE_STANDARD = gnu17;
				GCC_DYNAMIC_NO_PIC = NO;
				GCC_NO_COMMON_BLOCKS = YES;
				GCC_OPTIMIZATION_LEVEL = 0;
				GCC_PREPROCESSOR_DEFINITIONS = (
					"DEBUG=1",
					"$(inherited)",
				);
				GCC_WARN_64_TO_32_BIT_CONVERSION = YES;
				GCC_WARN_ABOUT_RETURN_TYPE = YES_ERROR;
				GCC_WARN_UNDECLARED_SELECTOR = YES;
				GCC_WARN_UNINITIALIZED_AUTOS = YES_AGGRESSIVE;
				GCC_WARN_UNUSED_FUNCTION = YES;
				GCC_WARN_UNUSED_VARIABLE = YES;
				IPHONEOS_DEPLOYMENT_TARGET = 17.4;
				LOCALIZATION_PREFERS_STRING_CATALOGS = YES;
				MTL_ENABLE_DEBUG_INFO = INCLUDE_SOURCE;
				MTL_FAST_MATH = YES;
				ONLY_ACTIVE_ARCH = YES;
				SDKROOT = iphoneos;
				SWIFT_ACTIVE_COMPILATION_CONDITIONS = "DEBUG $(inherited)";
				SWIFT_OPTIMIZATION_LEVEL = "-Onone";
			};
			name = Debug;
		};
		DC7F90A32C8632A70083D391 /* Release */ = {
			isa = XCBuildConfiguration;
			buildSettings = {
				ALWAYS_SEARCH_USER_PATHS = NO;
				ASSETCATALOG_COMPILER_GENERATE_SWIFT_ASSET_SYMBOL_EXTENSIONS = YES;
				CLANG_ANALYZER_NONNULL = YES;
				CLANG_ANALYZER_NUMBER_OBJECT_CONVERSION = YES_AGGRESSIVE;
				CLANG_CXX_LANGUAGE_STANDARD = "gnu++20";
				CLANG_ENABLE_MODULES = YES;
				CLANG_ENABLE_OBJC_ARC = YES;
				CLANG_ENABLE_OBJC_WEAK = YES;
				CLANG_WARN_BLOCK_CAPTURE_AUTORELEASING = YES;
				CLANG_WARN_BOOL_CONVERSION = YES;
				CLANG_WARN_COMMA = YES;
				CLANG_WARN_CONSTANT_CONVERSION = YES;
				CLANG_WARN_DEPRECATED_OBJC_IMPLEMENTATIONS = YES;
				CLANG_WARN_DIRECT_OBJC_ISA_USAGE = YES_ERROR;
				CLANG_WARN_DOCUMENTATION_COMMENTS = YES;
				CLANG_WARN_EMPTY_BODY = YES;
				CLANG_WARN_ENUM_CONVERSION = YES;
				CLANG_WARN_INFINITE_RECURSION = YES;
				CLANG_WARN_INT_CONVERSION = YES;
				CLANG_WARN_NON_LITERAL_NULL_CONVERSION = YES;
				CLANG_WARN_OBJC_IMPLICIT_RETAIN_SELF = YES;
				CLANG_WARN_OBJC_LITERAL_CONVERSION = YES;
				CLANG_WARN_OBJC_ROOT_CLASS = YES_ERROR;
				CLANG_WARN_QUOTED_INCLUDE_IN_FRAMEWORK_HEADER = YES;
				CLANG_WARN_RANGE_LOOP_ANALYSIS = YES;
				CLANG_WARN_STRICT_PROTOTYPES = YES;
				CLANG_WARN_SUSPICIOUS_MOVE = YES;
				CLANG_WARN_UNGUARDED_AVAILABILITY = YES_AGGRESSIVE;
				CLANG_WARN_UNREACHABLE_CODE = YES;
				CLANG_WARN__DUPLICATE_METHOD_MATCH = YES;
				COPY_PHASE_STRIP = NO;
				DEBUG_INFORMATION_FORMAT = "dwarf-with-dsym";
				ENABLE_NS_ASSERTIONS = NO;
				ENABLE_STRICT_OBJC_MSGSEND = YES;
				ENABLE_USER_SCRIPT_SANDBOXING = YES;
				GCC_C_LANGUAGE_STANDARD = gnu17;
				GCC_NO_COMMON_BLOCKS = YES;
				GCC_WARN_64_TO_32_BIT_CONVERSION = YES;
				GCC_WARN_ABOUT_RETURN_TYPE = YES_ERROR;
				GCC_WARN_UNDECLARED_SELECTOR = YES;
				GCC_WARN_UNINITIALIZED_AUTOS = YES_AGGRESSIVE;
				GCC_WARN_UNUSED_FUNCTION = YES;
				GCC_WARN_UNUSED_VARIABLE = YES;
				IPHONEOS_DEPLOYMENT_TARGET = 17.4;
				LOCALIZATION_PREFERS_STRING_CATALOGS = YES;
				MTL_ENABLE_DEBUG_INFO = NO;
				MTL_FAST_MATH = YES;
				SDKROOT = iphoneos;
				SWIFT_COMPILATION_MODE = wholemodule;
				VALIDATE_PRODUCT = YES;
			};
			name = Release;
		};
		DC7F90A52C8632A70083D391 /* Debug */ = {
			isa = XCBuildConfiguration;
			buildSettings = {
				ASSETCATALOG_COMPILER_APPICON_NAME = AppIcon;
				ASSETCATALOG_COMPILER_GLOBAL_ACCENT_COLOR_NAME = AccentColor;
				CODE_SIGN_STYLE = Automatic;
				CURRENT_PROJECT_VERSION = 1;
				DEVELOPMENT_TEAM = 8R6V2234F4;
				GENERATE_INFOPLIST_FILE = YES;
				INFOPLIST_FILE = GHFollowers/Info.plist;
				INFOPLIST_KEY_UIApplicationSupportsIndirectInputEvents = YES;
				INFOPLIST_KEY_UILaunchStoryboardName = LaunchScreen;
				INFOPLIST_KEY_UISupportedInterfaceOrientations = UIInterfaceOrientationPortrait;
				LD_RUNPATH_SEARCH_PATHS = (
					"$(inherited)",
					"@executable_path/Frameworks",
				);
				MARKETING_VERSION = 1.0;
				PRODUCT_BUNDLE_IDENTIFIER = andresRivillas.GHFollowers;
				PRODUCT_NAME = "$(TARGET_NAME)";
				SWIFT_EMIT_LOC_STRINGS = YES;
				SWIFT_VERSION = 5.0;
				TARGETED_DEVICE_FAMILY = "1,2";
			};
			name = Debug;
		};
		DC7F90A62C8632A70083D391 /* Release */ = {
			isa = XCBuildConfiguration;
			buildSettings = {
				ASSETCATALOG_COMPILER_APPICON_NAME = AppIcon;
				ASSETCATALOG_COMPILER_GLOBAL_ACCENT_COLOR_NAME = AccentColor;
				CODE_SIGN_STYLE = Automatic;
				CURRENT_PROJECT_VERSION = 1;
				DEVELOPMENT_TEAM = 8R6V2234F4;
				GENERATE_INFOPLIST_FILE = YES;
				INFOPLIST_FILE = GHFollowers/Info.plist;
				INFOPLIST_KEY_UIApplicationSupportsIndirectInputEvents = YES;
				INFOPLIST_KEY_UILaunchStoryboardName = LaunchScreen;
				INFOPLIST_KEY_UISupportedInterfaceOrientations = UIInterfaceOrientationPortrait;
				LD_RUNPATH_SEARCH_PATHS = (
					"$(inherited)",
					"@executable_path/Frameworks",
				);
				MARKETING_VERSION = 1.0;
				PRODUCT_BUNDLE_IDENTIFIER = andresRivillas.GHFollowers;
				PRODUCT_NAME = "$(TARGET_NAME)";
				SWIFT_EMIT_LOC_STRINGS = YES;
				SWIFT_VERSION = 5.0;
				TARGETED_DEVICE_FAMILY = "1,2";
			};
			name = Release;
		};
/* End XCBuildConfiguration section */

/* Begin XCConfigurationList section */
		DC7F908B2C8632A60083D391 /* Build configuration list for PBXProject "GHFollowers" */ = {
			isa = XCConfigurationList;
			buildConfigurations = (
				DC7F90A22C8632A70083D391 /* Debug */,
				DC7F90A32C8632A70083D391 /* Release */,
			);
			defaultConfigurationIsVisible = 0;
			defaultConfigurationName = Release;
		};
		DC7F90A42C8632A70083D391 /* Build configuration list for PBXNativeTarget "GHFollowers" */ = {
			isa = XCConfigurationList;
			buildConfigurations = (
				DC7F90A52C8632A70083D391 /* Debug */,
				DC7F90A62C8632A70083D391 /* Release */,
			);
			defaultConfigurationIsVisible = 0;
			defaultConfigurationName = Release;
		};
/* End XCConfigurationList section */
	};
	rootObject = DC7F90882C8632A60083D391 /* Project object */;
}
